<?xml version="1.0" encoding="UTF-8"?>
<Scheme
   LastUpgradeVersion = "0460"
   version = "1.3">
   <BuildAction
      parallelizeBuildables = "YES"
      buildImplicitDependencies = "YES">
      <BuildActionEntries>
         <BuildActionEntry
            buildForTesting = "YES"
            buildForRunning = "YES"
            buildForProfiling = "YES"
            buildForArchiving = "YES"
            buildForAnalyzing = "YES">
            <BuildableReference
               BuildableIdentifier = "primary"
               BlueprintIdentifier = "48DB00C5248D58F500527952"
               BuildableName = "bl-darknet"
               BlueprintName = "bl-darknet"
               ReferencedContainer = "container:bl-darknet.xcodeproj">
            </BuildableReference>
         </BuildActionEntry>
      </BuildActionEntries>
   </BuildAction>
   <TestAction
      buildConfiguration = "Debug"
      selectedDebuggerIdentifier = "Xcode.DebuggerFoundation.Debugger.LLDB"
      selectedLauncherIdentifier = "Xcode.DebuggerFoundation.Launcher.LLDB"
      shouldUseLaunchSchemeArgsEnv = "YES">
      <Testables>
      </Testables>
      <MacroExpansion>
         <BuildableReference
            BuildableIdentifier = "primary"
            BlueprintIdentifier = "48DB00C5248D58F500527952"
            BuildableName = "bl-darknet"
            BlueprintName = "bl-darknet"
            ReferencedContainer = "container:bl-darknet.xcodeproj">
         </BuildableReference>
      </MacroExpansion>
      <AdditionalOptions>
      </AdditionalOptions>
   </TestAction>
   <LaunchAction
      buildConfiguration = "Debug"
      selectedDebuggerIdentifier = "Xcode.DebuggerFoundation.Debugger.LLDB"
      selectedLauncherIdentifier = "Xcode.DebuggerFoundation.Launcher.LLDB"
      disableMainThreadChecker = "YES"
      launchStyle = "0"
      useCustomWorkingDirectory = "YES"
      customWorkingDirectory = "$(PROJECT_DIR)"
      ignoresPersistentStateOnLaunch = "NO"
      debugDocumentVersioning = "YES"
      stopOnEveryThreadSanitizerIssue = "YES"
      stopOnEveryUBSanitizerIssue = "YES"
      debugServiceExtension = "internal"
      allowLocationSimulation = "YES">
      <PathRunnable
         runnableDebuggingMode = "0"
         FilePath = "/Users/applematuer/Documents/Dev/plugin-development/bluelab/bl-darknet/build/Debug/bl-darknet">
      </PathRunnable>
      <MacroExpansion>
         <BuildableReference
            BuildableIdentifier = "primary"
            BlueprintIdentifier = "48DB00C5248D58F500527952"
            BuildableName = "bl-darknet"
            BlueprintName = "bl-darknet"
            ReferencedContainer = "container:bl-darknet.xcodeproj">
         </BuildableReference>
      </MacroExpansion>
      <CommandLineArguments>
         <CommandLineArgument
            argument = "rebalance train ./cfg/sources.cfg ./cfg/rebalance.cfg backup/rebalance.backup"
            isEnabled = "YES">
         </CommandLineArgument>
         <CommandLineArgument
            argument = "rebalance test cfg/sources.cfg cfg/rebalance.cfg backup/rebalance_1.weights -backup-num 1"
            isEnabled = "NO">
         </CommandLineArgument>
         <CommandLineArgument
            argument = "unit-tests"
            isEnabled = "NO">
         </CommandLineArgument>
         <CommandLineArgument
            argument = "rebalance test cfg/sources.cfg cfg/rebalance.cfg backup/rebalance_35.weights -backup-num 35"
            isEnabled = "NO">
         </CommandLineArgument>
         <CommandLineArgument
            argument = "rebalance test cfg/sources.cfg cfg/rebalance.cfg rebalance.backup"
            isEnabled = "NO">
         </CommandLineArgument>
         <CommandLineArgument
            argument = "rebalance train cfg/sources.cfg cfg/bl-unet.cfg"
            isEnabled = "NO">
         </CommandLineArgument>
      </CommandLineArguments>
      <EnvironmentVariables>
         <EnvironmentVariable
            key = "MALLOC_PERMIT_INSANE_REQUESTS=1"
            value = ""
            isEnabled = "YES">
         </EnvironmentVariable>
      </EnvironmentVariables>
      <AdditionalOptions>
      </AdditionalOptions>
   </LaunchAction>
   <ProfileAction
      buildConfiguration = "Release"
      shouldUseLaunchSchemeArgsEnv = "YES"
      savedToolIdentifier = ""
      useCustomWorkingDirectory = "NO"
      debugDocumentVersioning = "YES">
      <BuildableProductRunnable
         runnableDebuggingMode = "0">
         <BuildableReference
            BuildableIdentifier = "primary"
            BlueprintIdentifier = "48DB00C5248D58F500527952"
            BuildableName = "bl-darknet"
            BlueprintName = "bl-darknet"
            ReferencedContainer = "container:bl-darknet.xcodeproj">
         </BuildableReference>
      </BuildableProductRunnable>
   </ProfileAction>
   <AnalyzeAction
      buildConfiguration = "Debug">
   </AnalyzeAction>
   <ArchiveAction
      buildConfiguration = "Release"
      revealArchiveInOrganizer = "YES">
   </ArchiveAction>
</Scheme>
